
Microsoft Visual Studio Solution File, Format Version 12.00
# Visual Studio Version 17
VisualStudioVersion = 17.9.34701.34
MinimumVisualStudioVersion = 10.0.40219.1
Project("{9A19103F-16F7-4668-BE54-9A1E7A4F7556}") = "X.Helper", "Source\X.Helper\X.Helper.csproj", "{02399AE0-7B1D-462F-B10C-3228EEB032B3}"
EndProject
Project("{FAE04EC0-301F-11D3-BF4B-00C04F79EFBC}") = "TestConsoleApp", "Source\TestConsoleApp\TestConsoleApp.csproj", "{F1034268-08C8-436A-8601-B6ACE9B1F6A3}"
EndProject
Project("{9A19103F-16F7-4668-BE54-9A1E7A4F7556}") = "X.Extension", "Source\X.Extension\X.Extension.csproj", "{C8618434-8E27-423F-BE8A-91DFA94C0549}"
EndProject
Project("{FAE04EC0-301F-11D3-BF4B-00C04F79EFBC}") = "X.Helper.Excel", "Source\X.Helper.Excel\X.Helper.Excel.csproj", "{E9DBDFA4-8246-4C9C-A7CA-2E5EBAA63806}"
EndProject
Global
	GlobalSection(SolutionConfigurationPlatforms) = preSolution
		Debug|Any CPU = Debug|Any CPU
		Release|Any CPU = Release|Any CPU
	EndGlobalSection
	GlobalSection(ProjectConfigurationPlatforms) = postSolution
		{02399AE0-7B1D-462F-B10C-3228EEB032B3}.Debug|Any CPU.ActiveCfg = Debug|Any CPU
		{02399AE0-7B1D-462F-B10C-3228EEB032B3}.Debug|Any CPU.Build.0 = Debug|Any CPU
		{02399AE0-7B1D-462F-B10C-3228EEB032B3}.Release|Any CPU.ActiveCfg = Release|Any CPU
		{02399AE0-7B1D-462F-B10C-3228EEB032B3}.Release|Any CPU.Build.0 = Release|Any CPU
		{F1034268-08C8-436A-8601-B6ACE9B1F6A3}.Debug|Any CPU.ActiveCfg = Debug|Any CPU
		{F1034268-08C8-436A-8601-B6ACE9B1F6A3}.Debug|Any CPU.Build.0 = Debug|Any CPU
		{F1034268-08C8-436A-8601-B6ACE9B1F6A3}.Release|Any CPU.ActiveCfg = Release|Any CPU
		{F1034268-08C8-436A-8601-B6ACE9B1F6A3}.Release|Any CPU.Build.0 = Release|Any CPU
		{C8618434-8E27-423F-BE8A-91DFA94C0549}.Debug|Any CPU.ActiveCfg = Debug|Any CPU
		{C8618434-8E27-423F-BE8A-91DFA94C0549}.Debug|Any CPU.Build.0 = Debug|Any CPU
		{C8618434-8E27-423F-BE8A-91DFA94C0549}.Release|Any CPU.ActiveCfg = Release|Any CPU
		{C8618434-8E27-423F-BE8A-91DFA94C0549}.Release|Any CPU.Build.0 = Release|Any CPU
		{E9DBDFA4-8246-4C9C-A7CA-2E5EBAA63806}.Debug|Any CPU.ActiveCfg = Debug|Any CPU
		{E9DBDFA4-8246-4C9C-A7CA-2E5EBAA63806}.Debug|Any CPU.Build.0 = Debug|Any CPU
		{E9DBDFA4-8246-4C9C-A7CA-2E5EBAA63806}.Release|Any CPU.ActiveCfg = Release|Any CPU
		{E9DBDFA4-8246-4C9C-A7CA-2E5EBAA63806}.Release|Any CPU.Build.0 = Release|Any CPU
	EndGlobalSection
	GlobalSection(SolutionProperties) = preSolution
		HideSolutionNode = FALSE
	EndGlobalSection
	GlobalSection(ExtensibilityGlobals) = postSolution
		SolutionGuid = {0E9D6CD8-DDE3-4E51-95C2-C81CC0370842}
	EndGlobalSection
EndGlobal
