
Microsoft Visual Studio Solution File, Format Version 12.00
# Visual Studio Version 17
VisualStudioVersion = 17.9.34701.34
MinimumVisualStudioVersion = 10.0.40219.1
Project("{9A19103F-16F7-4668-BE54-9A1E7A4F7556}") = "X.Helper", "Source\X.Helper\X.Helper.csproj", "{02399AE0-7B1D-462F-B10C-3228EEB032B3}"
EndProject
Project("{9A19103F-16F7-4668-BE54-9A1E7A4F7556}") = "X.Helper.Excel", "Source\X.Helper.Excel\X.Helper.Excel.csproj", "{E9DBDFA4-8246-4C9C-A7CA-2E5EBAA63806}"
EndProject
Project("{9A19103F-16F7-4668-BE54-9A1E7A4F7556}") = "X.Helper.Cache", "Source\X.Helper.Cache\X.Helper.Cache.csproj", "{B06475B3-FCC2-4DA8-B143-D58DEB0EE575}"
EndProject
Project("{9A19103F-16F7-4668-BE54-9A1E7A4F7556}") = "X.Helper.WeChat", "Source\X.Helper.WeChat\X.Helper.WeChat.csproj", "{0CE314B2-170F-4990-BE5C-534CE76AE586}"
EndProject
Project("{9A19103F-16F7-4668-BE54-9A1E7A4F7556}") = "X.Helper.Alipay", "Source\X.Helper.Alipay\X.Helper.Alipay.csproj", "{E69FD9C3-6C8D-441D-95EA-19A5E1A7A2C8}"
EndProject
Project("{9A19103F-16F7-4668-BE54-9A1E7A4F7556}") = "X.Helper.Common", "Source\X.Helper.Common\X.Helper.Common.csproj", "{ED14A8A6-8103-4FA0-A2B5-742BA210F75B}"
EndProject
Project("{9A19103F-16F7-4668-BE54-9A1E7A4F7556}") = "X.Helper.Extension", "Source\X.Helper.Extension\X.Helper.Extension.csproj", "{B87163FE-8186-4256-8B53-66D18E615753}"
EndProject
Project("{2150E333-8FDC-42A3-9474-1A3956D46DE8}") = "999.Test", "999.Test", "{687EBE87-5EDB-419E-A8BE-3D540532D95F}"
EndProject
Project("{2150E333-8FDC-42A3-9474-1A3956D46DE8}") = "001.Project", "001.Project", "{B92759CF-AFA2-48F0-8876-7FD068A6FAB2}"
EndProject
Project("{2150E333-8FDC-42A3-9474-1A3956D46DE8}") = "Common", "Common", "{642C466E-981C-467C-B5F6-0407E675C3A9}"
EndProject
Project("{FAE04EC0-301F-11D3-BF4B-00C04F79EFBC}") = "TestCommonConsoleApp_NET461", "Test\TestConsoleApp\TestCommonConsoleApp_NET461.csproj", "{F1034268-08C8-436A-8601-B6ACE9B1F6A3}"
EndProject
Project("{9A19103F-16F7-4668-BE54-9A1E7A4F7556}") = "TestCommonConsoleApp_NET60", "Test\TestConsoleApp_NET60\TestCommonConsoleApp_NET60.csproj", "{71162C9C-7052-47DB-8108-9ADE1C45E188}"
EndProject
Project("{2150E333-8FDC-42A3-9474-1A3956D46DE8}") = "Cache", "Cache", "{73069D42-158C-4F88-913B-6439C32EF002}"
EndProject
Project("{FAE04EC0-301F-11D3-BF4B-00C04F79EFBC}") = "CacheTestConsoleApp_NET461", "Test\CacheTestConsoleApp\CacheTestConsoleApp_NET461.csproj", "{B1C17102-CE21-45A8-9AF1-B7577D6D7315}"
EndProject
Project("{FAE04EC0-301F-11D3-BF4B-00C04F79EFBC}") = "CacheTestConsoleApp_NET60", "Test\CacheTestConsoleApp_NET60\CacheTestConsoleApp_NET60.csproj", "{A963F25A-6E0E-4F7B-B2C5-3B03D3B26DCF}"
EndProject
Global
	GlobalSection(SolutionConfigurationPlatforms) = preSolution
		Debug|Any CPU = Debug|Any CPU
		Release|Any CPU = Release|Any CPU
	EndGlobalSection
	GlobalSection(ProjectConfigurationPlatforms) = postSolution
		{02399AE0-7B1D-462F-B10C-3228EEB032B3}.Debug|Any CPU.ActiveCfg = Debug|Any CPU
		{02399AE0-7B1D-462F-B10C-3228EEB032B3}.Debug|Any CPU.Build.0 = Debug|Any CPU
		{02399AE0-7B1D-462F-B10C-3228EEB032B3}.Release|Any CPU.ActiveCfg = Release|Any CPU
		{02399AE0-7B1D-462F-B10C-3228EEB032B3}.Release|Any CPU.Build.0 = Release|Any CPU
		{E9DBDFA4-8246-4C9C-A7CA-2E5EBAA63806}.Debug|Any CPU.ActiveCfg = Debug|Any CPU
		{E9DBDFA4-8246-4C9C-A7CA-2E5EBAA63806}.Debug|Any CPU.Build.0 = Debug|Any CPU
		{E9DBDFA4-8246-4C9C-A7CA-2E5EBAA63806}.Release|Any CPU.ActiveCfg = Release|Any CPU
		{E9DBDFA4-8246-4C9C-A7CA-2E5EBAA63806}.Release|Any CPU.Build.0 = Release|Any CPU
		{B06475B3-FCC2-4DA8-B143-D58DEB0EE575}.Debug|Any CPU.ActiveCfg = Debug|Any CPU
		{B06475B3-FCC2-4DA8-B143-D58DEB0EE575}.Debug|Any CPU.Build.0 = Debug|Any CPU
		{B06475B3-FCC2-4DA8-B143-D58DEB0EE575}.Release|Any CPU.ActiveCfg = Release|Any CPU
		{B06475B3-FCC2-4DA8-B143-D58DEB0EE575}.Release|Any CPU.Build.0 = Release|Any CPU
		{0CE314B2-170F-4990-BE5C-534CE76AE586}.Debug|Any CPU.ActiveCfg = Debug|Any CPU
		{0CE314B2-170F-4990-BE5C-534CE76AE586}.Debug|Any CPU.Build.0 = Debug|Any CPU
		{0CE314B2-170F-4990-BE5C-534CE76AE586}.Release|Any CPU.ActiveCfg = Release|Any CPU
		{0CE314B2-170F-4990-BE5C-534CE76AE586}.Release|Any CPU.Build.0 = Release|Any CPU
		{E69FD9C3-6C8D-441D-95EA-19A5E1A7A2C8}.Debug|Any CPU.ActiveCfg = Debug|Any CPU
		{E69FD9C3-6C8D-441D-95EA-19A5E1A7A2C8}.Debug|Any CPU.Build.0 = Debug|Any CPU
		{E69FD9C3-6C8D-441D-95EA-19A5E1A7A2C8}.Release|Any CPU.ActiveCfg = Release|Any CPU
		{E69FD9C3-6C8D-441D-95EA-19A5E1A7A2C8}.Release|Any CPU.Build.0 = Release|Any CPU
		{ED14A8A6-8103-4FA0-A2B5-742BA210F75B}.Debug|Any CPU.ActiveCfg = Debug|Any CPU
		{ED14A8A6-8103-4FA0-A2B5-742BA210F75B}.Debug|Any CPU.Build.0 = Debug|Any CPU
		{ED14A8A6-8103-4FA0-A2B5-742BA210F75B}.Release|Any CPU.ActiveCfg = Release|Any CPU
		{ED14A8A6-8103-4FA0-A2B5-742BA210F75B}.Release|Any CPU.Build.0 = Release|Any CPU
		{B87163FE-8186-4256-8B53-66D18E615753}.Debug|Any CPU.ActiveCfg = Debug|Any CPU
		{B87163FE-8186-4256-8B53-66D18E615753}.Debug|Any CPU.Build.0 = Debug|Any CPU
		{B87163FE-8186-4256-8B53-66D18E615753}.Release|Any CPU.ActiveCfg = Release|Any CPU
		{B87163FE-8186-4256-8B53-66D18E615753}.Release|Any CPU.Build.0 = Release|Any CPU
		{F1034268-08C8-436A-8601-B6ACE9B1F6A3}.Debug|Any CPU.ActiveCfg = Debug|Any CPU
		{F1034268-08C8-436A-8601-B6ACE9B1F6A3}.Debug|Any CPU.Build.0 = Debug|Any CPU
		{F1034268-08C8-436A-8601-B6ACE9B1F6A3}.Release|Any CPU.ActiveCfg = Release|Any CPU
		{F1034268-08C8-436A-8601-B6ACE9B1F6A3}.Release|Any CPU.Build.0 = Release|Any CPU
		{71162C9C-7052-47DB-8108-9ADE1C45E188}.Debug|Any CPU.ActiveCfg = Debug|Any CPU
		{71162C9C-7052-47DB-8108-9ADE1C45E188}.Debug|Any CPU.Build.0 = Debug|Any CPU
		{71162C9C-7052-47DB-8108-9ADE1C45E188}.Release|Any CPU.ActiveCfg = Release|Any CPU
		{71162C9C-7052-47DB-8108-9ADE1C45E188}.Release|Any CPU.Build.0 = Release|Any CPU
		{B1C17102-CE21-45A8-9AF1-B7577D6D7315}.Debug|Any CPU.ActiveCfg = Debug|Any CPU
		{B1C17102-CE21-45A8-9AF1-B7577D6D7315}.Debug|Any CPU.Build.0 = Debug|Any CPU
		{B1C17102-CE21-45A8-9AF1-B7577D6D7315}.Release|Any CPU.ActiveCfg = Release|Any CPU
		{B1C17102-CE21-45A8-9AF1-B7577D6D7315}.Release|Any CPU.Build.0 = Release|Any CPU
		{A963F25A-6E0E-4F7B-B2C5-3B03D3B26DCF}.Debug|Any CPU.ActiveCfg = Debug|Any CPU
		{A963F25A-6E0E-4F7B-B2C5-3B03D3B26DCF}.Debug|Any CPU.Build.0 = Debug|Any CPU
		{A963F25A-6E0E-4F7B-B2C5-3B03D3B26DCF}.Release|Any CPU.ActiveCfg = Release|Any CPU
		{A963F25A-6E0E-4F7B-B2C5-3B03D3B26DCF}.Release|Any CPU.Build.0 = Release|Any CPU
	EndGlobalSection
	GlobalSection(SolutionProperties) = preSolution
		HideSolutionNode = FALSE
	EndGlobalSection
	GlobalSection(NestedProjects) = preSolution
		{02399AE0-7B1D-462F-B10C-3228EEB032B3} = {B92759CF-AFA2-48F0-8876-7FD068A6FAB2}
		{E9DBDFA4-8246-4C9C-A7CA-2E5EBAA63806} = {B92759CF-AFA2-48F0-8876-7FD068A6FAB2}
		{B06475B3-FCC2-4DA8-B143-D58DEB0EE575} = {B92759CF-AFA2-48F0-8876-7FD068A6FAB2}
		{0CE314B2-170F-4990-BE5C-534CE76AE586} = {B92759CF-AFA2-48F0-8876-7FD068A6FAB2}
		{E69FD9C3-6C8D-441D-95EA-19A5E1A7A2C8} = {B92759CF-AFA2-48F0-8876-7FD068A6FAB2}
		{ED14A8A6-8103-4FA0-A2B5-742BA210F75B} = {B92759CF-AFA2-48F0-8876-7FD068A6FAB2}
		{B87163FE-8186-4256-8B53-66D18E615753} = {B92759CF-AFA2-48F0-8876-7FD068A6FAB2}
		{642C466E-981C-467C-B5F6-0407E675C3A9} = {687EBE87-5EDB-419E-A8BE-3D540532D95F}
		{F1034268-08C8-436A-8601-B6ACE9B1F6A3} = {642C466E-981C-467C-B5F6-0407E675C3A9}
		{71162C9C-7052-47DB-8108-9ADE1C45E188} = {642C466E-981C-467C-B5F6-0407E675C3A9}
		{73069D42-158C-4F88-913B-6439C32EF002} = {687EBE87-5EDB-419E-A8BE-3D540532D95F}
		{B1C17102-CE21-45A8-9AF1-B7577D6D7315} = {73069D42-158C-4F88-913B-6439C32EF002}
		{A963F25A-6E0E-4F7B-B2C5-3B03D3B26DCF} = {73069D42-158C-4F88-913B-6439C32EF002}
	EndGlobalSection
	GlobalSection(ExtensibilityGlobals) = postSolution
		SolutionGuid = {0E9D6CD8-DDE3-4E51-95C2-C81CC0370842}
	EndGlobalSection
EndGlobal
